
Microsoft Visual Studio Solution File, Format Version 12.00
# Visual Studio Version 16
VisualStudioVersion = 16.0.28822.285
MinimumVisualStudioVersion = 10.0.40219.1
Project("{FAE04EC0-301F-11D3-BF4B-00C04F79EFBC}") = "SqlBulkCopyTest", "SqlBulkCopyTest\SqlBulkCopyTest.csproj", "{D37EB6AC-0A43-436A-ABBA-151AFAB8A093}"
EndProject
Global
	GlobalSection(SolutionConfigurationPlatforms) = preSolution
		Debug|Any CPU = Debug|Any CPU
		Release|Any CPU = Release|Any CPU
	EndGlobalSection
	GlobalSection(ProjectConfigurationPlatforms) = postSolution
		{D37EB6AC-0A43-436A-ABBA-151AFAB8A093}.Debug|Any CPU.ActiveCfg = Debug|Any CPU
		{D37EB6AC-0A43-436A-ABBA-151AFAB8A093}.Debug|Any CPU.Build.0 = Debug|Any CPU
		{D37EB6AC-0A43-436A-ABBA-151AFAB8A093}.Release|Any CPU.ActiveCfg = Release|Any CPU
		{D37EB6AC-0A43-436A-ABBA-151AFAB8A093}.Release|Any CPU.Build.0 = Release|Any CPU
	EndGlobalSection
	GlobalSection(SolutionProperties) = preSolution
		HideSolutionNode = FALSE
	EndGlobalSection
	GlobalSection(ExtensibilityGlobals) = postSolution
		SolutionGuid = {6006BDD3-CB0F-4128-8445-08A981AD0303}
	EndGlobalSection
EndGlobal
